
Microsoft Visual Studio Solution File, Format Version 12.00
# Visual Studio Version 16
VisualStudioVersion = 16.0.29424.173
MinimumVisualStudioVersion = 10.0.40219.1
Project("{FAE04EC0-301F-11D3-BF4B-00C04F79EFBC}") = "Exercicio02Aula40", "Exercicio02Aula40\Exercicio02Aula40.csproj", "{77A5C930-39DD-416A-B1A2-F14CE3C9F630}"
EndProject
Global
	GlobalSection(SolutionConfigurationPlatforms) = preSolution
		Debug|Any CPU = Debug|Any CPU
		Release|Any CPU = Release|Any CPU
	EndGlobalSection
	GlobalSection(ProjectConfigurationPlatforms) = postSolution
		{77A5C930-39DD-416A-B1A2-F14CE3C9F630}.Debug|Any CPU.ActiveCfg = Debug|Any CPU
		{77A5C930-39DD-416A-B1A2-F14CE3C9F630}.Debug|Any CPU.Build.0 = Debug|Any CPU
		{77A5C930-39DD-416A-B1A2-F14CE3C9F630}.Release|Any CPU.ActiveCfg = Release|Any CPU
		{77A5C930-39DD-416A-B1A2-F14CE3C9F630}.Release|Any CPU.Build.0 = Release|Any CPU
	EndGlobalSection
	GlobalSection(SolutionProperties) = preSolution
		HideSolutionNode = FALSE
	EndGlobalSection
	GlobalSection(ExtensibilityGlobals) = postSolution
		SolutionGuid = {A2693A7C-ED29-4842-BFAA-D2520C13B87E}
	EndGlobalSection
EndGlobal
